<?xml version="1.0" encoding="utf-8"?>
<Project ToolsVersion="4.0" xmlns="http://schemas.microsoft.com/developer/msbuild/2003">
  <ItemGroup>
    <Filter Include="Source Files">
      <UniqueIdentifier>{4FC737F1-C7A5-4376-A066-2A32D752A2FF}</UniqueIdentifier>
      <Extensions>cpp;c;cc;cxx;def;odl;idl;hpj;bat;asm;asmx</Extensions>
    </Filter>
    <Filter Include="Header Files">
      <UniqueIdentifier>{93995380-89BD-4b04-88EB-625FBE52EBFB}</UniqueIdentifier>
      <Extensions>h;hh;hpp;hxx;hm;inl;inc;xsd</Extensions>
    </Filter>
    <Filter Include="Resource Files">
      <UniqueIdentifier>{67DA6AB6-F800-4c08-8B7A-83BB121AAD01}</UniqueIdentifier>
      <Extensions>rc;ico;cur;bmp;dlg;rc2;rct;bin;rgs;gif;jpg;jpeg;jpe;resx;tiff;tif;png;wav;mfcribbon-ms</Extensions>
    </Filter>
    <Filter Include="Inline Files">
      <UniqueIdentifier>{4ace166a-08bb-45fd-85ab-8ef045814f1c}</UniqueIdentifier>
    </Filter>
    <Filter Include="Resource Files\Bloom">
      <UniqueIdentifier>{70e291eb-8fe7-47a7-a70e-bfe70d4fce38}</UniqueIdentifier>
    </Filter>
    <Filter Include="Resource Files\AA">
      <UniqueIdentifier>{a4abeb81-8d0a-42d2-86af-0a2fe3ba8e63}</UniqueIdentifier>
    </Filter>
    <Filter Include="Resource Files\AA\FXAA">
      <UniqueIdentifier>{501df8f7-4115-47df-84ec-dab8869b8451}</UniqueIdentifier>
    </Filter>
    <Filter Include="Resource Files\Toon">
      <UniqueIdentifier>{205663ca-43dd-4275-9610-d1393eb09891}</UniqueIdentifier>
    </Filter>
    <Filter Include="Resource Files\Godrays">
      <UniqueIdentifier>{05d82bea-0c86-4393-9db8-ab8815ad5882}</UniqueIdentifier>
    </Filter>
    <Filter Include="Resource Files\Shadow">
      <UniqueIdentifier>{54d3ac61-f1b9-4f83-91db-aed559db7151}</UniqueIdentifier>
    </Filter>
  </ItemGroup>
  <ItemGroup>
    <ClCompile Include="Program.cpp">
      <Filter>Source Files</Filter>
    </ClCompile>
    <ClCompile Include="Shader.cpp">
      <Filter>Source Files</Filter>
    </ClCompile>
    <ClCompile Include="Bitmap.cpp">
      <Filter>Source Files</Filter>
    </ClCompile>
    <ClCompile Include="Camera.cpp">
      <Filter>Source Files</Filter>
    </ClCompile>
    <ClCompile Include="main.cpp">
      <Filter>Source Files</Filter>
    </ClCompile>
    <ClCompile Include="Texture.cpp">
      <Filter>Source Files</Filter>
    </ClCompile>
    <ClCompile Include="GameObject.cpp">
      <Filter>Source Files</Filter>
    </ClCompile>
    <ClCompile Include="ComponentGraphics.cpp">
      <Filter>Source Files</Filter>
    </ClCompile>
    <ClCompile Include="ComponentCollision.cpp">
      <Filter>Source Files</Filter>
    </ClCompile>
    <ClCompile Include="ComponentInput.cpp">
      <Filter>Source Files</Filter>
    </ClCompile>
    <ClCompile Include="Projectile.cpp">
      <Filter>Source Files</Filter>
    </ClCompile>
    <ClCompile Include="2dOverlay.cpp">
      <Filter>Source Files</Filter>
    </ClCompile>
    <ClCompile Include="2dOverlayAnim.cpp">
      <Filter>Source Files</Filter>
    </ClCompile>
    <ClCompile Include="Target.cpp">
      <Filter>Source Files</Filter>
    </ClCompile>
    <ClCompile Include="Interpolation.cpp">
      <Filter>Source Files</Filter>
    </ClCompile>
    <ClCompile Include="TextRendering.cpp">
      <Filter>Source Files</Filter>
    </ClCompile>
    <ClCompile Include="Terrain.cpp">
      <Filter>Source Files</Filter>
    </ClCompile>
    <ClCompile Include="Skybox.cpp">
      <Filter>Source Files</Filter>
    </ClCompile>
    <ClCompile Include="RayVsTriangle.cpp">
      <Filter>Source Files</Filter>
    </ClCompile>
    <ClCompile Include="Framebuffer.cpp">
      <Filter>Source Files</Filter>
    </ClCompile>
    <ClCompile Include="Render.cpp">
      <Filter>Source Files</Filter>
    </ClCompile>
    <ClCompile Include="FramebufferEffects.cpp">
      <Filter>Source Files</Filter>
    </ClCompile>
    <ClCompile Include="Model.cpp">
      <Filter>Source Files</Filter>
    </ClCompile>
    <ClCompile Include="ConsoleMagic.cpp">
      <Filter>Source Files</Filter>
    </ClCompile>
    <ClCompile Include="ReverbNode.cpp">
      <Filter>Source Files</Filter>
    </ClCompile>
    <ClCompile Include="include\SlimManager\Manager.cpp">
      <Filter>Source Files</Filter>
    </ClCompile>
    <ClCompile Include="include\SlimManager\PresetManager.cpp">
      <Filter>Source Files</Filter>
    </ClCompile>
    <ClCompile Include="include\SlimManager\RNode.cpp">
      <Filter>Source Files</Filter>
    </ClCompile>
    <ClCompile Include="include\SlimManager\RNodeManager.cpp">
      <Filter>Source Files</Filter>
    </ClCompile>
    <ClCompile Include="include\SlimManager\Sound.cpp">
      <Filter>Source Files</Filter>
    </ClCompile>
    <ClCompile Include="include\SlimManager\SoundList.cpp">
      <Filter>Source Files</Filter>
    </ClCompile>
    <ClCompile Include="include\SlimManager\SoundManager.cpp">
      <Filter>Source Files</Filter>
    </ClCompile>
    <ClCompile Include="include\SlimManager\SoundSystem.cpp">
      <Filter>Source Files</Filter>
    </ClCompile>
    <ClCompile Include="include\SlimManager\SoundNetwork.cpp">
      <Filter>Source Files</Filter>
    </ClCompile>
  </ItemGroup>
  <ItemGroup>
    <ClInclude Include="Program.h">
      <Filter>Header Files</Filter>
    </ClInclude>
    <ClInclude Include="Shader.h">
      <Filter>Header Files</Filter>
    </ClInclude>
    <ClInclude Include="Texture.h">
      <Filter>Header Files</Filter>
    </ClInclude>
    <ClInclude Include="Bitmap.h">
      <Filter>Header Files</Filter>
    </ClInclude>
    <ClInclude Include="Camera.h">
      <Filter>Header Files</Filter>
    </ClInclude>
    <ClInclude Include="Component.h">
      <Filter>Header Files</Filter>
    </ClInclude>
    <ClInclude Include="GameObject.h">
      <Filter>Header Files</Filter>
    </ClInclude>
    <ClInclude Include="ComponentGraphics.h">
      <Filter>Header Files</Filter>
    </ClInclude>
    <ClInclude Include="ComponentCollision.h">
      <Filter>Header Files</Filter>
    </ClInclude>
    <ClInclude Include="ComponentInput.h">
      <Filter>Header Files</Filter>
    </ClInclude>
    <ClInclude Include="ComponentLight.h">
      <Filter>Header Files</Filter>
    </ClInclude>
    <ClInclude Include="Projectile.h">
      <Filter>Header Files</Filter>
    </ClInclude>
    <ClInclude Include="2dOverlay.h">
      <Filter>Header Files</Filter>
    </ClInclude>
    <ClInclude Include="2dOverlayAnim.h">
      <Filter>Header Files</Filter>
    </ClInclude>
    <ClInclude Include="Interpolation.h">
      <Filter>Header Files</Filter>
    </ClInclude>
    <ClInclude Include="Target.h">
      <Filter>Header Files</Filter>
    </ClInclude>
    <ClInclude Include="TextRendering.h">
      <Filter>Header Files</Filter>
    </ClInclude>
    <ClInclude Include="ComponentPhysics.h">
      <Filter>Header Files</Filter>
    </ClInclude>
    <ClInclude Include="ComponentForce.h">
      <Filter>Header Files</Filter>
    </ClInclude>
    <ClInclude Include="Input.h">
      <Filter>Header Files</Filter>
    </ClInclude>
    <ClInclude Include="LightComponent.h">
      <Filter>Header Files</Filter>
    </ClInclude>
    <ClInclude Include="Terrain.h">
      <Filter>Header Files</Filter>
    </ClInclude>
    <ClInclude Include="Skybox.h">
      <Filter>Header Files</Filter>
    </ClInclude>
    <ClInclude Include="RayVsTriangle.h">
      <Filter>Header Files</Filter>
    </ClInclude>
    <ClInclude Include="Framebuffer.h">
      <Filter>Header Files</Filter>
    </ClInclude>
    <ClInclude Include="AIBehaviour.h">
      <Filter>Header Files</Filter>
    </ClInclude>
    <ClInclude Include="NavMesh.h">
      <Filter>Header Files</Filter>
    </ClInclude>
    <ClInclude Include="Render.h">
      <Filter>Header Files</Filter>
    </ClInclude>
    <ClInclude Include="FramebufferEffects.h">
      <Filter>Header Files</Filter>
    </ClInclude>
    <ClInclude Include="ShieldVariables.h">
      <Filter>Header Files</Filter>
    </ClInclude>
    <ClInclude Include="ConsoleMagic.h">
      <Filter>Header Files</Filter>
    </ClInclude>
    <ClInclude Include="ReverbNode.h">
      <Filter>Header Files</Filter>
    </ClInclude>
    <ClInclude Include="AISpawner.h">
      <Filter>Header Files</Filter>
    </ClInclude>
    <ClInclude Include="Model.h">
      <Filter>Header Files</Filter>
    </ClInclude>
    <ClInclude Include="include\SlimManager\Manager.h">
      <Filter>Header Files</Filter>
    </ClInclude>
    <ClInclude Include="include\SlimManager\Network.h">
      <Filter>Header Files</Filter>
    </ClInclude>
    <ClInclude Include="include\SlimManager\PresetManager.h">
      <Filter>Header Files</Filter>
    </ClInclude>
    <ClInclude Include="include\SlimManager\RNode.h">
      <Filter>Header Files</Filter>
    </ClInclude>
    <ClInclude Include="include\SlimManager\RNodeManager.h">
      <Filter>Header Files</Filter>
    </ClInclude>
    <ClInclude Include="include\SlimManager\Sound.h">
      <Filter>Header Files</Filter>
    </ClInclude>
    <ClInclude Include="include\SlimManager\SoundList.h">
      <Filter>Header Files</Filter>
    </ClInclude>
    <ClInclude Include="include\SlimManager\SoundManager.h">
      <Filter>Header Files</Filter>
    </ClInclude>
    <ClInclude Include="include\SlimManager\SoundSystem.h">
      <Filter>Header Files</Filter>
    </ClInclude>
    <ClInclude Include="include\SlimManager\SoundNetwork.h">
      <Filter>Header Files</Filter>
    </ClInclude>
    <ClInclude Include="MenuSelectionVariables.h">
      <Filter>Header Files</Filter>
    </ClInclude>
    <ClInclude Include="SaveFunctions.h">
      <Filter>Header Files</Filter>
    </ClInclude>
  </ItemGroup>
  <ItemGroup>
    <Text Include="fragment-shader.frag">
      <Filter>Resource Files</Filter>
    </Text>
    <Text Include="vertex-shader.vert">
      <Filter>Resource Files</Filter>
    </Text>
  </ItemGroup>
  <ItemGroup>
    <None Include="skinning.vert">
      <Filter>Resource Files</Filter>
    </None>
    <None Include="skinning.frag">
      <Filter>Resource Files</Filter>
    </None>
    <None Include="hud.frag">
      <Filter>Resource Files</Filter>
    </None>
    <None Include="hud.vert">
      <Filter>Resource Files</Filter>
    </None>
    <None Include="text.frag">
      <Filter>Resource Files</Filter>
    </None>
    <None Include="text.vert">
      <Filter>Resource Files</Filter>
    </None>
    <None Include="skinningA.frag">
      <Filter>Resource Files</Filter>
    </None>
    <None Include="skinningA.vert">
      <Filter>Resource Files</Filter>
    </None>
    <None Include="terrain.vert">
      <Filter>Resource Files</Filter>
    </None>
    <None Include="terrain.frag">
      <Filter>Resource Files</Filter>
    </None>
    <None Include="skybox.vert">
      <Filter>Resource Files</Filter>
    </None>
    <None Include="skybox.frag">
      <Filter>Resource Files</Filter>
    </None>
    <None Include="AIBehaviour.inl">
      <Filter>Inline Files</Filter>
    </None>
    <None Include="NavMesh.inl">
      <Filter>Inline Files</Filter>
    </None>
    <None Include="pass.frag">
      <Filter>Resource Files</Filter>
    </None>
    <None Include="pass.vert">
      <Filter>Resource Files</Filter>
    </None>
    <None Include="tonemap.frag">
      <Filter>Resource Files\Bloom</Filter>
    </None>
    <None Include="combine.frag">
      <Filter>Resource Files\Bloom</Filter>
    </None>
    <None Include="gblurH.frag">
      <Filter>Resource Files\Bloom</Filter>
    </None>
    <None Include="gblurV.frag">
      <Filter>Resource Files\Bloom</Filter>
    </None>
    <None Include="fxaa.frag">
      <Filter>Resource Files\AA\FXAA</Filter>
    </None>
    <None Include="toon.frag">
      <Filter>Resource Files\Toon</Filter>
    </None>
    <None Include="toon.vert">
      <Filter>Resource Files\Toon</Filter>
    </None>
    <None Include="godrays.frag">
      <Filter>Resource Files\Godrays</Filter>
    </None>
    <None Include="skybox2.frag">
      <Filter>Resource Files</Filter>
    </None>
    <None Include="shadow.frag">
      <Filter>Resource Files\Shadow</Filter>
    </None>
    <None Include="shadow.vert">
      <Filter>Resource Files\Shadow</Filter>
    </None>
    <None Include="terrainshadow.vert">
      <Filter>Resource Files\Shadow</Filter>
    </None>
    <None Include="AISpawner.inl">
      <Filter>Inline Files</Filter>
    </None>
    <None Include="AddTwoTextures.frag">
      <Filter>Resource Files</Filter>
    </None>
  </ItemGroup>
</Project>